
Microsoft Visual Studio Solution File, Format Version 12.00
# Visual Studio Version 17
VisualStudioVersion = 17.11.35222.181
MinimumVisualStudioVersion = 10.0.40219.1
Project("{FAE04EC0-301F-11D3-BF4B-00C04F79EFBC}") = "E-Commerce", "E-Commerce\E-Commerce.csproj", "{5BDDE5A3-9AA2-41CB-879A-9BC5AE902E02}"
EndProject
Global
	GlobalSection(SolutionConfigurationPlatforms) = preSolution
		Debug|Any CPU = Debug|Any CPU
		Release|Any CPU = Release|Any CPU
	EndGlobalSection
	GlobalSection(ProjectConfigurationPlatforms) = postSolution
		{5BDDE5A3-9AA2-41CB-879A-9BC5AE902E02}.Debug|Any CPU.ActiveCfg = Debug|Any CPU
		{5BDDE5A3-9AA2-41CB-879A-9BC5AE902E02}.Debug|Any CPU.Build.0 = Debug|Any CPU
		{5BDDE5A3-9AA2-41CB-879A-9BC5AE902E02}.Release|Any CPU.ActiveCfg = Release|Any CPU
		{5BDDE5A3-9AA2-41CB-879A-9BC5AE902E02}.Release|Any CPU.Build.0 = Release|Any CPU
	EndGlobalSection
	GlobalSection(SolutionProperties) = preSolution
		HideSolutionNode = FALSE
	EndGlobalSection
	GlobalSection(ExtensibilityGlobals) = postSolution
		SolutionGuid = {2067F368-0915-4967-B52A-B5B70B3F95D7}
	EndGlobalSection
EndGlobal
